
Microsoft Visual Studio Solution File, Format Version 12.00
# Visual Studio Version 16
VisualStudioVersion = 16.0.32106.194
MinimumVisualStudioVersion = 10.0.40219.1
Project("{9A19103F-16F7-4668-BE54-9A1E7A4F7556}") = "Riots.Standard", "Riots.Standard\Riots.Standard.csproj", "{4670D26F-D7AD-4E43-B79F-BDEEA66FFFB1}"
EndProject
Project("{9A19103F-16F7-4668-BE54-9A1E7A4F7556}") = "Riots.RestfulSample", "Riots.RestfulSample\Riots.RestfulSample.csproj", "{D06D72CC-9F73-4A7B-A6C4-A3910F650673}"
EndProject
Project("{9A19103F-16F7-4668-BE54-9A1E7A4F7556}") = "Riots.Sudoku", "Riots.Sudoku\Riots.Sudoku.csproj", "{416B31DB-4317-455D-AAAE-4848CCAEF38B}"
EndProject
Project("{FAE04EC0-301F-11D3-BF4B-00C04F79EFBC}") = "Riots.Sudoku.Android", "Riots.Sudoku.Android\Riots.Sudoku.Android.csproj", "{A7860641-9549-4289-88EE-50E7EDBF30F8}"
EndProject
Project("{FAE04EC0-301F-11D3-BF4B-00C04F79EFBC}") = "Riots.Sudoku.iOS", "Riots.Sudoku.iOS\Riots.Sudoku.iOS.csproj", "{F7B95A19-8CD5-45DB-94AB-D77EF477871B}"
EndProject
Project("{FAE04EC0-301F-11D3-BF4B-00C04F79EFBC}") = "Riots.Sudoku.UWP", "Riots.Sudoku.UWP\Riots.Sudoku.UWP.csproj", "{BFFB27E7-31A9-49A1-96BC-C2B82D63C4C6}"
EndProject
Global
	GlobalSection(SolutionConfigurationPlatforms) = preSolution
		Debug|Any CPU = Debug|Any CPU
		Debug|ARM = Debug|ARM
		Debug|iPhone = Debug|iPhone
		Debug|iPhoneSimulator = Debug|iPhoneSimulator
		Debug|x64 = Debug|x64
		Debug|x86 = Debug|x86
		Release|Any CPU = Release|Any CPU
		Release|ARM = Release|ARM
		Release|iPhone = Release|iPhone
		Release|iPhoneSimulator = Release|iPhoneSimulator
		Release|x64 = Release|x64
		Release|x86 = Release|x86
	EndGlobalSection
	GlobalSection(ProjectConfigurationPlatforms) = postSolution
		{4670D26F-D7AD-4E43-B79F-BDEEA66FFFB1}.Debug|Any CPU.ActiveCfg = Debug|Any CPU
		{4670D26F-D7AD-4E43-B79F-BDEEA66FFFB1}.Debug|Any CPU.Build.0 = Debug|Any CPU
		{4670D26F-D7AD-4E43-B79F-BDEEA66FFFB1}.Debug|ARM.ActiveCfg = Debug|Any CPU
		{4670D26F-D7AD-4E43-B79F-BDEEA66FFFB1}.Debug|ARM.Build.0 = Debug|Any CPU
		{4670D26F-D7AD-4E43-B79F-BDEEA66FFFB1}.Debug|iPhone.ActiveCfg = Debug|Any CPU
		{4670D26F-D7AD-4E43-B79F-BDEEA66FFFB1}.Debug|iPhone.Build.0 = Debug|Any CPU
		{4670D26F-D7AD-4E43-B79F-BDEEA66FFFB1}.Debug|iPhoneSimulator.ActiveCfg = Debug|Any CPU
		{4670D26F-D7AD-4E43-B79F-BDEEA66FFFB1}.Debug|iPhoneSimulator.Build.0 = Debug|Any CPU
		{4670D26F-D7AD-4E43-B79F-BDEEA66FFFB1}.Debug|x64.ActiveCfg = Debug|Any CPU
		{4670D26F-D7AD-4E43-B79F-BDEEA66FFFB1}.Debug|x64.Build.0 = Debug|Any CPU
		{4670D26F-D7AD-4E43-B79F-BDEEA66FFFB1}.Debug|x86.ActiveCfg = Debug|Any CPU
		{4670D26F-D7AD-4E43-B79F-BDEEA66FFFB1}.Debug|x86.Build.0 = Debug|Any CPU
		{4670D26F-D7AD-4E43-B79F-BDEEA66FFFB1}.Release|Any CPU.ActiveCfg = Release|Any CPU
		{4670D26F-D7AD-4E43-B79F-BDEEA66FFFB1}.Release|Any CPU.Build.0 = Release|Any CPU
		{4670D26F-D7AD-4E43-B79F-BDEEA66FFFB1}.Release|ARM.ActiveCfg = Release|Any CPU
		{4670D26F-D7AD-4E43-B79F-BDEEA66FFFB1}.Release|ARM.Build.0 = Release|Any CPU
		{4670D26F-D7AD-4E43-B79F-BDEEA66FFFB1}.Release|iPhone.ActiveCfg = Release|Any CPU
		{4670D26F-D7AD-4E43-B79F-BDEEA66FFFB1}.Release|iPhone.Build.0 = Release|Any CPU
		{4670D26F-D7AD-4E43-B79F-BDEEA66FFFB1}.Release|iPhoneSimulator.ActiveCfg = Release|Any CPU
		{4670D26F-D7AD-4E43-B79F-BDEEA66FFFB1}.Release|iPhoneSimulator.Build.0 = Release|Any CPU
		{4670D26F-D7AD-4E43-B79F-BDEEA66FFFB1}.Release|x64.ActiveCfg = Release|Any CPU
		{4670D26F-D7AD-4E43-B79F-BDEEA66FFFB1}.Release|x64.Build.0 = Release|Any CPU
		{4670D26F-D7AD-4E43-B79F-BDEEA66FFFB1}.Release|x86.ActiveCfg = Release|Any CPU
		{4670D26F-D7AD-4E43-B79F-BDEEA66FFFB1}.Release|x86.Build.0 = Release|Any CPU
		{D06D72CC-9F73-4A7B-A6C4-A3910F650673}.Debug|Any CPU.ActiveCfg = Debug|Any CPU
		{D06D72CC-9F73-4A7B-A6C4-A3910F650673}.Debug|Any CPU.Build.0 = Debug|Any CPU
		{D06D72CC-9F73-4A7B-A6C4-A3910F650673}.Debug|ARM.ActiveCfg = Debug|Any CPU
		{D06D72CC-9F73-4A7B-A6C4-A3910F650673}.Debug|ARM.Build.0 = Debug|Any CPU
		{D06D72CC-9F73-4A7B-A6C4-A3910F650673}.Debug|iPhone.ActiveCfg = Debug|Any CPU
		{D06D72CC-9F73-4A7B-A6C4-A3910F650673}.Debug|iPhone.Build.0 = Debug|Any CPU
		{D06D72CC-9F73-4A7B-A6C4-A3910F650673}.Debug|iPhoneSimulator.ActiveCfg = Debug|Any CPU
		{D06D72CC-9F73-4A7B-A6C4-A3910F650673}.Debug|iPhoneSimulator.Build.0 = Debug|Any CPU
		{D06D72CC-9F73-4A7B-A6C4-A3910F650673}.Debug|x64.ActiveCfg = Debug|Any CPU
		{D06D72CC-9F73-4A7B-A6C4-A3910F650673}.Debug|x64.Build.0 = Debug|Any CPU
		{D06D72CC-9F73-4A7B-A6C4-A3910F650673}.Debug|x86.ActiveCfg = Debug|Any CPU
		{D06D72CC-9F73-4A7B-A6C4-A3910F650673}.Debug|x86.Build.0 = Debug|Any CPU
		{D06D72CC-9F73-4A7B-A6C4-A3910F650673}.Release|Any CPU.ActiveCfg = Release|Any CPU
		{D06D72CC-9F73-4A7B-A6C4-A3910F650673}.Release|Any CPU.Build.0 = Release|Any CPU
		{D06D72CC-9F73-4A7B-A6C4-A3910F650673}.Release|ARM.ActiveCfg = Release|Any CPU
		{D06D72CC-9F73-4A7B-A6C4-A3910F650673}.Release|ARM.Build.0 = Release|Any CPU
		{D06D72CC-9F73-4A7B-A6C4-A3910F650673}.Release|iPhone.ActiveCfg = Release|Any CPU
		{D06D72CC-9F73-4A7B-A6C4-A3910F650673}.Release|iPhone.Build.0 = Release|Any CPU
		{D06D72CC-9F73-4A7B-A6C4-A3910F650673}.Release|iPhoneSimulator.ActiveCfg = Release|Any CPU
		{D06D72CC-9F73-4A7B-A6C4-A3910F650673}.Release|iPhoneSimulator.Build.0 = Release|Any CPU
		{D06D72CC-9F73-4A7B-A6C4-A3910F650673}.Release|x64.ActiveCfg = Release|Any CPU
		{D06D72CC-9F73-4A7B-A6C4-A3910F650673}.Release|x64.Build.0 = Release|Any CPU
		{D06D72CC-9F73-4A7B-A6C4-A3910F650673}.Release|x86.ActiveCfg = Release|Any CPU
		{D06D72CC-9F73-4A7B-A6C4-A3910F650673}.Release|x86.Build.0 = Release|Any CPU
		{416B31DB-4317-455D-AAAE-4848CCAEF38B}.Debug|Any CPU.ActiveCfg = Debug|Any CPU
		{416B31DB-4317-455D-AAAE-4848CCAEF38B}.Debug|Any CPU.Build.0 = Debug|Any CPU
		{416B31DB-4317-455D-AAAE-4848CCAEF38B}.Debug|ARM.ActiveCfg = Debug|Any CPU
		{416B31DB-4317-455D-AAAE-4848CCAEF38B}.Debug|ARM.Build.0 = Debug|Any CPU
		{416B31DB-4317-455D-AAAE-4848CCAEF38B}.Debug|iPhone.ActiveCfg = Debug|Any CPU
		{416B31DB-4317-455D-AAAE-4848CCAEF38B}.Debug|iPhone.Build.0 = Debug|Any CPU
		{416B31DB-4317-455D-AAAE-4848CCAEF38B}.Debug|iPhoneSimulator.ActiveCfg = Debug|Any CPU
		{416B31DB-4317-455D-AAAE-4848CCAEF38B}.Debug|iPhoneSimulator.Build.0 = Debug|Any CPU
		{416B31DB-4317-455D-AAAE-4848CCAEF38B}.Debug|x64.ActiveCfg = Debug|Any CPU
		{416B31DB-4317-455D-AAAE-4848CCAEF38B}.Debug|x64.Build.0 = Debug|Any CPU
		{416B31DB-4317-455D-AAAE-4848CCAEF38B}.Debug|x86.ActiveCfg = Debug|Any CPU
		{416B31DB-4317-455D-AAAE-4848CCAEF38B}.Debug|x86.Build.0 = Debug|Any CPU
		{416B31DB-4317-455D-AAAE-4848CCAEF38B}.Release|Any CPU.ActiveCfg = Release|Any CPU
		{416B31DB-4317-455D-AAAE-4848CCAEF38B}.Release|Any CPU.Build.0 = Release|Any CPU
		{416B31DB-4317-455D-AAAE-4848CCAEF38B}.Release|ARM.ActiveCfg = Release|Any CPU
		{416B31DB-4317-455D-AAAE-4848CCAEF38B}.Release|ARM.Build.0 = Release|Any CPU
		{416B31DB-4317-455D-AAAE-4848CCAEF38B}.Release|iPhone.ActiveCfg = Release|Any CPU
		{416B31DB-4317-455D-AAAE-4848CCAEF38B}.Release|iPhone.Build.0 = Release|Any CPU
		{416B31DB-4317-455D-AAAE-4848CCAEF38B}.Release|iPhoneSimulator.ActiveCfg = Release|Any CPU
		{416B31DB-4317-455D-AAAE-4848CCAEF38B}.Release|iPhoneSimulator.Build.0 = Release|Any CPU
		{416B31DB-4317-455D-AAAE-4848CCAEF38B}.Release|x64.ActiveCfg = Release|Any CPU
		{416B31DB-4317-455D-AAAE-4848CCAEF38B}.Release|x64.Build.0 = Release|Any CPU
		{416B31DB-4317-455D-AAAE-4848CCAEF38B}.Release|x86.ActiveCfg = Release|Any CPU
		{416B31DB-4317-455D-AAAE-4848CCAEF38B}.Release|x86.Build.0 = Release|Any CPU
		{A7860641-9549-4289-88EE-50E7EDBF30F8}.Debug|Any CPU.ActiveCfg = Debug|Any CPU
		{A7860641-9549-4289-88EE-50E7EDBF30F8}.Debug|Any CPU.Build.0 = Debug|Any CPU
		{A7860641-9549-4289-88EE-50E7EDBF30F8}.Debug|Any CPU.Deploy.0 = Debug|Any CPU
		{A7860641-9549-4289-88EE-50E7EDBF30F8}.Debug|ARM.ActiveCfg = Debug|Any CPU
		{A7860641-9549-4289-88EE-50E7EDBF30F8}.Debug|ARM.Build.0 = Debug|Any CPU
		{A7860641-9549-4289-88EE-50E7EDBF30F8}.Debug|ARM.Deploy.0 = Debug|Any CPU
		{A7860641-9549-4289-88EE-50E7EDBF30F8}.Debug|iPhone.ActiveCfg = Debug|Any CPU
		{A7860641-9549-4289-88EE-50E7EDBF30F8}.Debug|iPhone.Build.0 = Debug|Any CPU
		{A7860641-9549-4289-88EE-50E7EDBF30F8}.Debug|iPhone.Deploy.0 = Debug|Any CPU
		{A7860641-9549-4289-88EE-50E7EDBF30F8}.Debug|iPhoneSimulator.ActiveCfg = Debug|Any CPU
		{A7860641-9549-4289-88EE-50E7EDBF30F8}.Debug|iPhoneSimulator.Build.0 = Debug|Any CPU
		{A7860641-9549-4289-88EE-50E7EDBF30F8}.Debug|iPhoneSimulator.Deploy.0 = Debug|Any CPU
		{A7860641-9549-4289-88EE-50E7EDBF30F8}.Debug|x64.ActiveCfg = Debug|Any CPU
		{A7860641-9549-4289-88EE-50E7EDBF30F8}.Debug|x64.Build.0 = Debug|Any CPU
		{A7860641-9549-4289-88EE-50E7EDBF30F8}.Debug|x64.Deploy.0 = Debug|Any CPU
		{A7860641-9549-4289-88EE-50E7EDBF30F8}.Debug|x86.ActiveCfg = Debug|Any CPU
		{A7860641-9549-4289-88EE-50E7EDBF30F8}.Debug|x86.Build.0 = Debug|Any CPU
		{A7860641-9549-4289-88EE-50E7EDBF30F8}.Debug|x86.Deploy.0 = Debug|Any CPU
		{A7860641-9549-4289-88EE-50E7EDBF30F8}.Release|Any CPU.ActiveCfg = Release|Any CPU
		{A7860641-9549-4289-88EE-50E7EDBF30F8}.Release|Any CPU.Build.0 = Release|Any CPU
		{A7860641-9549-4289-88EE-50E7EDBF30F8}.Release|Any CPU.Deploy.0 = Release|Any CPU
		{A7860641-9549-4289-88EE-50E7EDBF30F8}.Release|ARM.ActiveCfg = Release|Any CPU
		{A7860641-9549-4289-88EE-50E7EDBF30F8}.Release|ARM.Build.0 = Release|Any CPU
		{A7860641-9549-4289-88EE-50E7EDBF30F8}.Release|ARM.Deploy.0 = Release|Any CPU
		{A7860641-9549-4289-88EE-50E7EDBF30F8}.Release|iPhone.ActiveCfg = Release|Any CPU
		{A7860641-9549-4289-88EE-50E7EDBF30F8}.Release|iPhone.Build.0 = Release|Any CPU
		{A7860641-9549-4289-88EE-50E7EDBF30F8}.Release|iPhone.Deploy.0 = Release|Any CPU
		{A7860641-9549-4289-88EE-50E7EDBF30F8}.Release|iPhoneSimulator.ActiveCfg = Release|Any CPU
		{A7860641-9549-4289-88EE-50E7EDBF30F8}.Release|iPhoneSimulator.Build.0 = Release|Any CPU
		{A7860641-9549-4289-88EE-50E7EDBF30F8}.Release|iPhoneSimulator.Deploy.0 = Release|Any CPU
		{A7860641-9549-4289-88EE-50E7EDBF30F8}.Release|x64.ActiveCfg = Release|Any CPU
		{A7860641-9549-4289-88EE-50E7EDBF30F8}.Release|x64.Build.0 = Release|Any CPU
		{A7860641-9549-4289-88EE-50E7EDBF30F8}.Release|x64.Deploy.0 = Release|Any CPU
		{A7860641-9549-4289-88EE-50E7EDBF30F8}.Release|x86.ActiveCfg = Release|Any CPU
		{A7860641-9549-4289-88EE-50E7EDBF30F8}.Release|x86.Build.0 = Release|Any CPU
		{A7860641-9549-4289-88EE-50E7EDBF30F8}.Release|x86.Deploy.0 = Release|Any CPU
		{F7B95A19-8CD5-45DB-94AB-D77EF477871B}.Debug|Any CPU.ActiveCfg = Debug|iPhoneSimulator
		{F7B95A19-8CD5-45DB-94AB-D77EF477871B}.Debug|ARM.ActiveCfg = Debug|iPhoneSimulator
		{F7B95A19-8CD5-45DB-94AB-D77EF477871B}.Debug|iPhone.ActiveCfg = Debug|iPhone
		{F7B95A19-8CD5-45DB-94AB-D77EF477871B}.Debug|iPhone.Build.0 = Debug|iPhone
		{F7B95A19-8CD5-45DB-94AB-D77EF477871B}.Debug|iPhoneSimulator.ActiveCfg = Debug|iPhoneSimulator
		{F7B95A19-8CD5-45DB-94AB-D77EF477871B}.Debug|iPhoneSimulator.Build.0 = Debug|iPhoneSimulator
		{F7B95A19-8CD5-45DB-94AB-D77EF477871B}.Debug|x64.ActiveCfg = Debug|iPhoneSimulator
		{F7B95A19-8CD5-45DB-94AB-D77EF477871B}.Debug|x86.ActiveCfg = Debug|iPhoneSimulator
		{F7B95A19-8CD5-45DB-94AB-D77EF477871B}.Release|Any CPU.ActiveCfg = Release|iPhoneSimulator
		{F7B95A19-8CD5-45DB-94AB-D77EF477871B}.Release|ARM.ActiveCfg = Release|iPhoneSimulator
		{F7B95A19-8CD5-45DB-94AB-D77EF477871B}.Release|iPhone.ActiveCfg = Release|iPhone
		{F7B95A19-8CD5-45DB-94AB-D77EF477871B}.Release|iPhone.Build.0 = Release|iPhone
		{F7B95A19-8CD5-45DB-94AB-D77EF477871B}.Release|iPhoneSimulator.ActiveCfg = Release|iPhoneSimulator
		{F7B95A19-8CD5-45DB-94AB-D77EF477871B}.Release|iPhoneSimulator.Build.0 = Release|iPhoneSimulator
		{F7B95A19-8CD5-45DB-94AB-D77EF477871B}.Release|x64.ActiveCfg = Release|iPhoneSimulator
		{F7B95A19-8CD5-45DB-94AB-D77EF477871B}.Release|x86.ActiveCfg = Release|iPhoneSimulator
		{BFFB27E7-31A9-49A1-96BC-C2B82D63C4C6}.Debug|Any CPU.ActiveCfg = Debug|x86
		{BFFB27E7-31A9-49A1-96BC-C2B82D63C4C6}.Debug|ARM.ActiveCfg = Debug|ARM
		{BFFB27E7-31A9-49A1-96BC-C2B82D63C4C6}.Debug|ARM.Build.0 = Debug|ARM
		{BFFB27E7-31A9-49A1-96BC-C2B82D63C4C6}.Debug|ARM.Deploy.0 = Debug|ARM
		{BFFB27E7-31A9-49A1-96BC-C2B82D63C4C6}.Debug|iPhone.ActiveCfg = Debug|x86
		{BFFB27E7-31A9-49A1-96BC-C2B82D63C4C6}.Debug|iPhoneSimulator.ActiveCfg = Debug|x86
		{BFFB27E7-31A9-49A1-96BC-C2B82D63C4C6}.Debug|x64.ActiveCfg = Debug|x64
		{BFFB27E7-31A9-49A1-96BC-C2B82D63C4C6}.Debug|x64.Build.0 = Debug|x64
		{BFFB27E7-31A9-49A1-96BC-C2B82D63C4C6}.Debug|x64.Deploy.0 = Debug|x64
		{BFFB27E7-31A9-49A1-96BC-C2B82D63C4C6}.Debug|x86.ActiveCfg = Debug|x86
		{BFFB27E7-31A9-49A1-96BC-C2B82D63C4C6}.Debug|x86.Build.0 = Debug|x86
		{BFFB27E7-31A9-49A1-96BC-C2B82D63C4C6}.Debug|x86.Deploy.0 = Debug|x86
		{BFFB27E7-31A9-49A1-96BC-C2B82D63C4C6}.Release|Any CPU.ActiveCfg = Release|x86
		{BFFB27E7-31A9-49A1-96BC-C2B82D63C4C6}.Release|ARM.ActiveCfg = Release|ARM
		{BFFB27E7-31A9-49A1-96BC-C2B82D63C4C6}.Release|ARM.Build.0 = Release|ARM
		{BFFB27E7-31A9-49A1-96BC-C2B82D63C4C6}.Release|ARM.Deploy.0 = Release|ARM
		{BFFB27E7-31A9-49A1-96BC-C2B82D63C4C6}.Release|iPhone.ActiveCfg = Release|x86
		{BFFB27E7-31A9-49A1-96BC-C2B82D63C4C6}.Release|iPhoneSimulator.ActiveCfg = Release|x86
		{BFFB27E7-31A9-49A1-96BC-C2B82D63C4C6}.Release|x64.ActiveCfg = Release|x64
		{BFFB27E7-31A9-49A1-96BC-C2B82D63C4C6}.Release|x64.Build.0 = Release|x64
		{BFFB27E7-31A9-49A1-96BC-C2B82D63C4C6}.Release|x64.Deploy.0 = Release|x64
		{BFFB27E7-31A9-49A1-96BC-C2B82D63C4C6}.Release|x86.ActiveCfg = Release|x86
		{BFFB27E7-31A9-49A1-96BC-C2B82D63C4C6}.Release|x86.Build.0 = Release|x86
		{BFFB27E7-31A9-49A1-96BC-C2B82D63C4C6}.Release|x86.Deploy.0 = Release|x86
	EndGlobalSection
	GlobalSection(SolutionProperties) = preSolution
		HideSolutionNode = FALSE
	EndGlobalSection
	GlobalSection(ExtensibilityGlobals) = postSolution
		SolutionGuid = {546ADF62-8C9E-444B-8145-8E550FA45A22}
	EndGlobalSection
EndGlobal
